// !$*UTF8*$!
{
	archiveVersion = 1;
	classes = {
	};
	objectVersion = 46;
	objects = {

/* Begin PBXBuildFile section */
		0D0DF7E919EC73DC0054980E /* Block.cpp in Sources */ = {isa = PBXBuildFile; fileRef = 0D0DF7E719EC73DC0054980E /* Block.cpp */; };
		0D0DF7EA19EC73DC0054980E /* Block.h in Headers */ = {isa = PBXBuildFile; fileRef = 0D0DF7E819EC73DC0054980E /* Block.h */; settings = {ATTRIBUTES = (Public, ); }; };
		0D11B44319F17AE700C2EFD3 /* InputMethod.cpp in Sources */ = {isa = PBXBuildFile; fileRef = 0D11B44119F17AE700C2EFD3 /* InputMethod.cpp */; };
		0D11B44419F17AE700C2EFD3 /* InputMethod.h in Headers */ = {isa = PBXBuildFile; fileRef = 0D11B44219F17AE700C2EFD3 /* InputMethod.h */; settings = {ATTRIBUTES = (Public, ); }; };
		0D11B44719F17AF800C2EFD3 /* Keyboard.cpp in Sources */ = {isa = PBXBuildFile; fileRef = 0D11B44519F17AF800C2EFD3 /* Keyboard.cpp */; };
		0D11B44819F17AF800C2EFD3 /* Keyboard.h in Headers */ = {isa = PBXBuildFile; fileRef = 0D11B44619F17AF800C2EFD3 /* Keyboard.h */; settings = {ATTRIBUTES = (Public, ); }; };
		0D11B45419F1993500C2EFD3 /* JumpBlock.cpp in Sources */ = {isa = PBXBuildFile; fileRef = 0D11B45219F1993500C2EFD3 /* JumpBlock.cpp */; };
		0D11B45519F1993500C2EFD3 /* JumpBlock.h in Headers */ = {isa = PBXBuildFile; fileRef = 0D11B45319F1993500C2EFD3 /* JumpBlock.h */; settings = {ATTRIBUTES = (Public, ); }; };
		0D1A2D8719F1EDDE00BF0333 /* PhysicsBody.cpp in Sources */ = {isa = PBXBuildFile; fileRef = 0D1A2D8519F1EDDE00BF0333 /* PhysicsBody.cpp */; };
		0D1A2D8819F1EDDE00BF0333 /* PhysicsBody.h in Headers */ = {isa = PBXBuildFile; fileRef = 0D1A2D8619F1EDDE00BF0333 /* PhysicsBody.h */; settings = {ATTRIBUTES = (Public, ); }; };
		0D1A2D9019F204BC00BF0333 /* RectBody.cpp in Sources */ = {isa = PBXBuildFile; fileRef = 0D1A2D8E19F204BC00BF0333 /* RectBody.cpp */; };
		0D1A2D9119F204BC00BF0333 /* RectBody.h in Headers */ = {isa = PBXBuildFile; fileRef = 0D1A2D8F19F204BC00BF0333 /* RectBody.h */; };
		0D5D004219FE985A00904845 /* CircleBody.cpp in Sources */ = {isa = PBXBuildFile; fileRef = 0D5D004019FE985A00904845 /* CircleBody.cpp */; };
		0D5D004319FE985A00904845 /* CircleBody.h in Headers */ = {isa = PBXBuildFile; fileRef = 0D5D004119FE985A00904845 /* CircleBody.h */; settings = {ATTRIBUTES = (Public, ); }; };
		0DC42A7C19ECC0050049C151 /* Renderer.cpp in Sources */ = {isa = PBXBuildFile; fileRef = 0DC42A7A19ECC0050049C151 /* Renderer.cpp */; };
		0DC42A7D19ECC0050049C151 /* Renderer.h in Headers */ = {isa = PBXBuildFile; fileRef = 0DC42A7B19ECC0050049C151 /* Renderer.h */; settings = {ATTRIBUTES = (Public, ); }; };
		0DC42A8019ECC1170049C151 /* Texture.cpp in Sources */ = {isa = PBXBuildFile; fileRef = 0DC42A7E19ECC1170049C151 /* Texture.cpp */; };
		0DC42A8119ECC1170049C151 /* Texture.h in Headers */ = {isa = PBXBuildFile; fileRef = 0DC42A7F19ECC1170049C151 /* Texture.h */; settings = {ATTRIBUTES = (Public, ); }; };
		0DC42A8419ED94330049C151 /* Rotation.cpp in Sources */ = {isa = PBXBuildFile; fileRef = 0DC42A8219ED94330049C151 /* Rotation.cpp */; };
		0DC42A8519ED94330049C151 /* Rotation.h in Headers */ = {isa = PBXBuildFile; fileRef = 0DC42A8319ED94330049C151 /* Rotation.h */; settings = {ATTRIBUTES = (Public, ); }; };
		0DC42A8819EDB8960049C151 /* Color.cpp in Sources */ = {isa = PBXBuildFile; fileRef = 0DC42A8619EDB8960049C151 /* Color.cpp */; };
		0DC42A8919EDB8960049C151 /* Color.h in Headers */ = {isa = PBXBuildFile; fileRef = 0DC42A8719EDB8960049C151 /* Color.h */; settings = {ATTRIBUTES = (Public, ); }; };
		0DC42A8C19EDBAF40049C151 /* World.cpp in Sources */ = {isa = PBXBuildFile; fileRef = 0DC42A8A19EDBAF40049C151 /* World.cpp */; };
		0DC42A8D19EDBAF40049C151 /* World.h in Headers */ = {isa = PBXBuildFile; fileRef = 0DC42A8B19EDBAF40049C151 /* World.h */; settings = {ATTRIBUTES = (Public, ); }; };
		0DC42A9019EE19FB0049C151 /* Long.cpp in Sources */ = {isa = PBXBuildFile; fileRef = 0DC42A8E19EE19FB0049C151 /* Long.cpp */; };
		0DC42A9119EE19FB0049C151 /* Long.h in Headers */ = {isa = PBXBuildFile; fileRef = 0DC42A8F19EE19FB0049C151 /* Long.h */; settings = {ATTRIBUTES = (Public, ); }; };
		0DC42A9919EE224D0049C151 /* DrawBlock.cpp in Sources */ = {isa = PBXBuildFile; fileRef = 0DC42A9719EE224D0049C151 /* DrawBlock.cpp */; };
		0DC42A9A19EE224D0049C151 /* DrawBlock.h in Headers */ = {isa = PBXBuildFile; fileRef = 0DC42A9819EE224D0049C151 /* DrawBlock.h */; settings = {ATTRIBUTES = (Public, ); }; };
		0DC42AA119EE2C140049C151 /* SDL_Conversion.cpp in Sources */ = {isa = PBXBuildFile; fileRef = 0DC42A9F19EE2C140049C151 /* SDL_Conversion.cpp */; };
		0DC42AA219EE2C140049C151 /* SDL_Conversion.h in Headers */ = {isa = PBXBuildFile; fileRef = 0DC42AA019EE2C140049C151 /* SDL_Conversion.h */; settings = {ATTRIBUTES = (Public, ); }; };
		0DC42AA519EEBE610049C151 /* RenderTask.cpp in Sources */ = {isa = PBXBuildFile; fileRef = 0DC42AA319EEBE610049C151 /* RenderTask.cpp */; };
		0DC42AA619EEBE610049C151 /* RenderTask.h in Headers */ = {isa = PBXBuildFile; fileRef = 0DC42AA419EEBE610049C151 /* RenderTask.h */; settings = {ATTRIBUTES = (Public, ); }; };
		0DC42AB519EF3AEE0049C151 /* Vector.cpp in Sources */ = {isa = PBXBuildFile; fileRef = 0DC42AB319EF3AED0049C151 /* Vector.cpp */; };
		0DC42AB619EF3AEE0049C151 /* Vector.h in Headers */ = {isa = PBXBuildFile; fileRef = 0DC42AB419EF3AED0049C151 /* Vector.h */; settings = {ATTRIBUTES = (Public, ); }; };
		0DC42AC219F00DC40049C151 /* Physics.cpp in Sources */ = {isa = PBXBuildFile; fileRef = 0DC42AC019F00DC40049C151 /* Physics.cpp */; };
		0DC42AC319F00DC40049C151 /* Physics.h in Headers */ = {isa = PBXBuildFile; fileRef = 0DC42AC119F00DC40049C151 /* Physics.h */; settings = {ATTRIBUTES = (Public, ); }; };
		0DC42ACA19F016790049C151 /* Camera.cpp in Sources */ = {isa = PBXBuildFile; fileRef = 0DC42AC819F016790049C151 /* Camera.cpp */; };
		0DC42ACB19F016790049C151 /* Camera.h in Headers */ = {isa = PBXBuildFile; fileRef = 0DC42AC919F016790049C151 /* Camera.h */; settings = {ATTRIBUTES = (Public, ); }; };
		0DC8036C19F6CE1500ED669B /* AudioFilter.cpp in Sources */ = {isa = PBXBuildFile; fileRef = 0DC8036A19F6CE1500ED669B /* AudioFilter.cpp */; };
		0DC8036D19F6CE1500ED669B /* AudioFilter.h in Headers */ = {isa = PBXBuildFile; fileRef = 0DC8036B19F6CE1500ED669B /* AudioFilter.h */; };
		0DC8037019F6CEB000ED669B /* AudioMixFilter.cpp in Sources */ = {isa = PBXBuildFile; fileRef = 0DC8036E19F6CEB000ED669B /* AudioMixFilter.cpp */; };
		0DC8037119F6CEB000ED669B /* AudioMixFilter.h in Headers */ = {isa = PBXBuildFile; fileRef = 0DC8036F19F6CEB000ED669B /* AudioMixFilter.h */; };
		0DC8037419F6D2BC00ED669B /* AudioVolumeFilter.cpp in Sources */ = {isa = PBXBuildFile; fileRef = 0DC8037219F6D2BC00ED669B /* AudioVolumeFilter.cpp */; };
		0DC8037519F6D2BC00ED669B /* AudioVolumeFilter.h in Headers */ = {isa = PBXBuildFile; fileRef = 0DC8037319F6D2BC00ED669B /* AudioVolumeFilter.h */; };
		0DC8037819F74D5900ED669B /* AudioPipeline.cpp in Sources */ = {isa = PBXBuildFile; fileRef = 0DC8037619F74D5900ED669B /* AudioPipeline.cpp */; };
		0DC8037919F74D5900ED669B /* AudioPipeline.h in Headers */ = {isa = PBXBuildFile; fileRef = 0DC8037719F74D5900ED669B /* AudioPipeline.h */; };
		0DCD507719EB687700EF27F7 /* Cookie.h in Headers */ = {isa = PBXBuildFile; fileRef = 0DCD507619EB687700EF27F7 /* Cookie.h */; settings = {ATTRIBUTES = (Public, ); }; };
		0DCD507919EB687700EF27F7 /* CookiePriv.h in Headers */ = {isa = PBXBuildFile; fileRef = 0DCD507819EB687700EF27F7 /* CookiePriv.h */; };
		0DCD508319EB691C00EF27F7 /* Node.cpp in Sources */ = {isa = PBXBuildFile; fileRef = 0DCD508119EB691C00EF27F7 /* Node.cpp */; };
		0DCD508419EB691C00EF27F7 /* Node.h in Headers */ = {isa = PBXBuildFile; fileRef = 0DCD508219EB691C00EF27F7 /* Node.h */; settings = {ATTRIBUTES = (Public, ); }; };
		0DCD508719EB6ACA00EF27F7 /* Point.cpp in Sources */ = {isa = PBXBuildFile; fileRef = 0DCD508519EB6ACA00EF27F7 /* Point.cpp */; };
		0DCD508819EB6ACA00EF27F7 /* Point.h in Headers */ = {isa = PBXBuildFile; fileRef = 0DCD508619EB6ACA00EF27F7 /* Point.h */; settings = {ATTRIBUTES = (Public, ); }; };
		0DCD508A19EB6B1100EF27F7 /* SDL2.framework in Frameworks */ = {isa = PBXBuildFile; fileRef = 0DCD508919EB6B1100EF27F7 /* SDL2.framework */; };
		0DCD508D19EB6D2C00EF27F7 /* Rect.cpp in Sources */ = {isa = PBXBuildFile; fileRef = 0DCD508B19EB6D2C00EF27F7 /* Rect.cpp */; };
		0DCD508E19EB6D2C00EF27F7 /* Rect.h in Headers */ = {isa = PBXBuildFile; fileRef = 0DCD508C19EB6D2C00EF27F7 /* Rect.h */; settings = {ATTRIBUTES = (Public, ); }; };
		0DCD509119EB724E00EF27F7 /* Int.cpp in Sources */ = {isa = PBXBuildFile; fileRef = 0DCD508F19EB724E00EF27F7 /* Int.cpp */; };
		0DCD509219EB724E00EF27F7 /* Int.h in Headers */ = {isa = PBXBuildFile; fileRef = 0DCD509019EB724E00EF27F7 /* Int.h */; settings = {ATTRIBUTES = (Public, ); }; };
		0DCD509519EB75A300EF27F7 /* Game.cpp in Sources */ = {isa = PBXBuildFile; fileRef = 0DCD509319EB75A300EF27F7 /* Game.cpp */; };
		0DCD509619EB75A300EF27F7 /* Game.h in Headers */ = {isa = PBXBuildFile; fileRef = 0DCD509419EB75A300EF27F7 /* Game.h */; settings = {ATTRIBUTES = (Public, ); }; };
		0DCD509919EB78F000EF27F7 /* Bool.cpp in Sources */ = {isa = PBXBuildFile; fileRef = 0DCD509719EB78F000EF27F7 /* Bool.cpp */; };
		0DCD509A19EB78F000EF27F7 /* Bool.h in Headers */ = {isa = PBXBuildFile; fileRef = 0DCD509819EB78F000EF27F7 /* Bool.h */; settings = {ATTRIBUTES = (Public, ); }; };
		0DCD509D19EB799C00EF27F7 /* Float.cpp in Sources */ = {isa = PBXBuildFile; fileRef = 0DCD509B19EB799C00EF27F7 /* Float.cpp */; };
		0DCD509E19EB799C00EF27F7 /* Float.h in Headers */ = {isa = PBXBuildFile; fileRef = 0DCD509C19EB799C00EF27F7 /* Float.h */; settings = {ATTRIBUTES = (Public, ); }; };
		0DD118FE19F42C53003D0BF4 /* RenderTextureTask.cpp in Sources */ = {isa = PBXBuildFile; fileRef = 0DD118FC19F42C53003D0BF4 /* RenderTextureTask.cpp */; };
		0DD118FF19F42C53003D0BF4 /* RenderTextureTask.h in Headers */ = {isa = PBXBuildFile; fileRef = 0DD118FD19F42C53003D0BF4 /* RenderTextureTask.h */; settings = {ATTRIBUTES = (Public, ); }; };
		0DD1190619F42F58003D0BF4 /* RenderSurfaceTask.cpp in Sources */ = {isa = PBXBuildFile; fileRef = 0DD1190419F42F58003D0BF4 /* RenderSurfaceTask.cpp */; };
		0DD1190719F42F58003D0BF4 /* RenderSurfaceTask.h in Headers */ = {isa = PBXBuildFile; fileRef = 0DD1190519F42F58003D0BF4 /* RenderSurfaceTask.h */; settings = {ATTRIBUTES = (Public, ); }; };
		0DD34C6F19F4A71C009AEAF4 /* TextureBlock.cpp in Sources */ = {isa = PBXBuildFile; fileRef = 0DD34C6D19F4A71C009AEAF4 /* TextureBlock.cpp */; };
		0DD34C7019F4A71C009AEAF4 /* TextureBlock.h in Headers */ = {isa = PBXBuildFile; fileRef = 0DD34C6E19F4A71C009AEAF4 /* TextureBlock.h */; settings = {ATTRIBUTES = (Public, ); }; };
		0DD34C7319F54EB4009AEAF4 /* Animation.cpp in Sources */ = {isa = PBXBuildFile; fileRef = 0DD34C7119F54EB4009AEAF4 /* Animation.cpp */; };
		0DD34C7419F54EB4009AEAF4 /* Animation.h in Headers */ = {isa = PBXBuildFile; fileRef = 0DD34C7219F54EB4009AEAF4 /* Animation.h */; settings = {ATTRIBUTES = (Public, ); }; };
		0DD34C7819F57204009AEAF4 /* AnimBlock.cpp in Sources */ = {isa = PBXBuildFile; fileRef = 0DD34C7619F57204009AEAF4 /* AnimBlock.cpp */; };
		0DD34C7919F57204009AEAF4 /* AnimBlock.h in Headers */ = {isa = PBXBuildFile; fileRef = 0DD34C7719F57204009AEAF4 /* AnimBlock.h */; };
		0DD34C7E19F574C8009AEAF4 /* RenderAnimTask.cpp in Sources */ = {isa = PBXBuildFile; fileRef = 0DD34C7C19F574C8009AEAF4 /* RenderAnimTask.cpp */; };
		0DD34C7F19F574C8009AEAF4 /* RenderAnimTask.h in Headers */ = {isa = PBXBuildFile; fileRef = 0DD34C7D19F574C8009AEAF4 /* RenderAnimTask.h */; };
		0DD34C8919F5AE41009AEAF4 /* Audio.cpp in Sources */ = {isa = PBXBuildFile; fileRef = 0DD34C8719F5AE41009AEAF4 /* Audio.cpp */; };
		0DD34C8A19F5AE41009AEAF4 /* Audio.h in Headers */ = {isa = PBXBuildFile; fileRef = 0DD34C8819F5AE41009AEAF4 /* Audio.h */; settings = {ATTRIBUTES = (Public, ); }; };
		0DD34C8D19F5AE4B009AEAF4 /* Sound.cpp in Sources */ = {isa = PBXBuildFile; fileRef = 0DD34C8B19F5AE4B009AEAF4 /* Sound.cpp */; };
		0DD34C8E19F5AE4B009AEAF4 /* Sound.h in Headers */ = {isa = PBXBuildFile; fileRef = 0DD34C8C19F5AE4B009AEAF4 /* Sound.h */; settings = {ATTRIBUTES = (Public, ); }; };
/* End PBXBuildFile section */

/* Begin PBXFileReference section */
		0D0DF7E719EC73DC0054980E /* Block.cpp */ = {isa = PBXFileReference; fileEncoding = 4; lastKnownFileType = sourcecode.cpp.cpp; path = Block.cpp; sourceTree = "<group>"; };
		0D0DF7E819EC73DC0054980E /* Block.h */ = {isa = PBXFileReference; fileEncoding = 4; lastKnownFileType = sourcecode.c.h; path = Block.h; sourceTree = "<group>"; };
		0D11B44119F17AE700C2EFD3 /* InputMethod.cpp */ = {isa = PBXFileReference; fileEncoding = 4; lastKnownFileType = sourcecode.cpp.cpp; path = InputMethod.cpp; sourceTree = "<group>"; };
		0D11B44219F17AE700C2EFD3 /* InputMethod.h */ = {isa = PBXFileReference; fileEncoding = 4; lastKnownFileType = sourcecode.c.h; path = InputMethod.h; sourceTree = "<group>"; };
		0D11B44519F17AF800C2EFD3 /* Keyboard.cpp */ = {isa = PBXFileReference; fileEncoding = 4; lastKnownFileType = sourcecode.cpp.cpp; path = Keyboard.cpp; sourceTree = "<group>"; };
		0D11B44619F17AF800C2EFD3 /* Keyboard.h */ = {isa = PBXFileReference; fileEncoding = 4; lastKnownFileType = sourcecode.c.h; path = Keyboard.h; sourceTree = "<group>"; };
		0D11B45219F1993500C2EFD3 /* JumpBlock.cpp */ = {isa = PBXFileReference; fileEncoding = 4; lastKnownFileType = sourcecode.cpp.cpp; path = JumpBlock.cpp; sourceTree = "<group>"; };
		0D11B45319F1993500C2EFD3 /* JumpBlock.h */ = {isa = PBXFileReference; fileEncoding = 4; lastKnownFileType = sourcecode.c.h; path = JumpBlock.h; sourceTree = "<group>"; };
		0D1A2D8519F1EDDE00BF0333 /* PhysicsBody.cpp */ = {isa = PBXFileReference; fileEncoding = 4; lastKnownFileType = sourcecode.cpp.cpp; path = PhysicsBody.cpp; sourceTree = "<group>"; };
		0D1A2D8619F1EDDE00BF0333 /* PhysicsBody.h */ = {isa = PBXFileReference; fileEncoding = 4; lastKnownFileType = sourcecode.c.h; path = PhysicsBody.h; sourceTree = "<group>"; };
		0D1A2D8E19F204BC00BF0333 /* RectBody.cpp */ = {isa = PBXFileReference; fileEncoding = 4; lastKnownFileType = sourcecode.cpp.cpp; path = RectBody.cpp; sourceTree = "<group>"; };
		0D1A2D8F19F204BC00BF0333 /* RectBody.h */ = {isa = PBXFileReference; fileEncoding = 4; lastKnownFileType = sourcecode.c.h; path = RectBody.h; sourceTree = "<group>"; };
		0D5D004019FE985A00904845 /* CircleBody.cpp */ = {isa = PBXFileReference; fileEncoding = 4; lastKnownFileType = sourcecode.cpp.cpp; path = CircleBody.cpp; sourceTree = "<group>"; };
		0D5D004119FE985A00904845 /* CircleBody.h */ = {isa = PBXFileReference; fileEncoding = 4; lastKnownFileType = sourcecode.c.h; path = CircleBody.h; sourceTree = "<group>"; };
		0DC42A7A19ECC0050049C151 /* Renderer.cpp */ = {isa = PBXFileReference; fileEncoding = 4; lastKnownFileType = sourcecode.cpp.cpp; path = Renderer.cpp; sourceTree = "<group>"; };
		0DC42A7B19ECC0050049C151 /* Renderer.h */ = {isa = PBXFileReference; fileEncoding = 4; lastKnownFileType = sourcecode.c.h; path = Renderer.h; sourceTree = "<group>"; };
		0DC42A7E19ECC1170049C151 /* Texture.cpp */ = {isa = PBXFileReference; fileEncoding = 4; lastKnownFileType = sourcecode.cpp.cpp; path = Texture.cpp; sourceTree = "<group>"; };
		0DC42A7F19ECC1170049C151 /* Texture.h */ = {isa = PBXFileReference; fileEncoding = 4; lastKnownFileType = sourcecode.c.h; path = Texture.h; sourceTree = "<group>"; };
		0DC42A8219ED94330049C151 /* Rotation.cpp */ = {isa = PBXFileReference; fileEncoding = 4; lastKnownFileType = sourcecode.cpp.cpp; path = Rotation.cpp; sourceTree = "<group>"; };
		0DC42A8319ED94330049C151 /* Rotation.h */ = {isa = PBXFileReference; fileEncoding = 4; lastKnownFileType = sourcecode.c.h; path = Rotation.h; sourceTree = "<group>"; };
		0DC42A8619EDB8960049C151 /* Color.cpp */ = {isa = PBXFileReference; fileEncoding = 4; lastKnownFileType = sourcecode.cpp.cpp; path = Color.cpp; sourceTree = "<group>"; };
		0DC42A8719EDB8960049C151 /* Color.h */ = {isa = PBXFileReference; fileEncoding = 4; lastKnownFileType = sourcecode.c.h; path = Color.h; sourceTree = "<group>"; };
		0DC42A8A19EDBAF40049C151 /* World.cpp */ = {isa = PBXFileReference; fileEncoding = 4; lastKnownFileType = sourcecode.cpp.cpp; path = World.cpp; sourceTree = "<group>"; };
		0DC42A8B19EDBAF40049C151 /* World.h */ = {isa = PBXFileReference; fileEncoding = 4; lastKnownFileType = sourcecode.c.h; path = World.h; sourceTree = "<group>"; };
		0DC42A8E19EE19FB0049C151 /* Long.cpp */ = {isa = PBXFileReference; fileEncoding = 4; lastKnownFileType = sourcecode.cpp.cpp; path = Long.cpp; sourceTree = "<group>"; };
		0DC42A8F19EE19FB0049C151 /* Long.h */ = {isa = PBXFileReference; fileEncoding = 4; lastKnownFileType = sourcecode.c.h; path = Long.h; sourceTree = "<group>"; };
		0DC42A9719EE224D0049C151 /* DrawBlock.cpp */ = {isa = PBXFileReference; fileEncoding = 4; lastKnownFileType = sourcecode.cpp.cpp; path = DrawBlock.cpp; sourceTree = "<group>"; };
		0DC42A9819EE224D0049C151 /* DrawBlock.h */ = {isa = PBXFileReference; fileEncoding = 4; lastKnownFileType = sourcecode.c.h; path = DrawBlock.h; sourceTree = "<group>"; };
		0DC42A9F19EE2C140049C151 /* SDL_Conversion.cpp */ = {isa = PBXFileReference; fileEncoding = 4; lastKnownFileType = sourcecode.cpp.cpp; path = SDL_Conversion.cpp; sourceTree = "<group>"; };
		0DC42AA019EE2C140049C151 /* SDL_Conversion.h */ = {isa = PBXFileReference; fileEncoding = 4; lastKnownFileType = sourcecode.c.h; path = SDL_Conversion.h; sourceTree = "<group>"; };
		0DC42AA319EEBE610049C151 /* RenderTask.cpp */ = {isa = PBXFileReference; fileEncoding = 4; lastKnownFileType = sourcecode.cpp.cpp; path = RenderTask.cpp; sourceTree = "<group>"; };
		0DC42AA419EEBE610049C151 /* RenderTask.h */ = {isa = PBXFileReference; fileEncoding = 4; lastKnownFileType = sourcecode.c.h; path = RenderTask.h; sourceTree = "<group>"; };
		0DC42AB319EF3AED0049C151 /* Vector.cpp */ = {isa = PBXFileReference; fileEncoding = 4; lastKnownFileType = sourcecode.cpp.cpp; path = Vector.cpp; sourceTree = "<group>"; };
		0DC42AB419EF3AED0049C151 /* Vector.h */ = {isa = PBXFileReference; fileEncoding = 4; lastKnownFileType = sourcecode.c.h; path = Vector.h; sourceTree = "<group>"; };
		0DC42AC019F00DC40049C151 /* Physics.cpp */ = {isa = PBXFileReference; fileEncoding = 4; lastKnownFileType = sourcecode.cpp.cpp; path = Physics.cpp; sourceTree = "<group>"; };
		0DC42AC119F00DC40049C151 /* Physics.h */ = {isa = PBXFileReference; fileEncoding = 4; lastKnownFileType = sourcecode.c.h; path = Physics.h; sourceTree = "<group>"; };
		0DC42AC819F016790049C151 /* Camera.cpp */ = {isa = PBXFileReference; fileEncoding = 4; lastKnownFileType = sourcecode.cpp.cpp; path = Camera.cpp; sourceTree = "<group>"; };
		0DC42AC919F016790049C151 /* Camera.h */ = {isa = PBXFileReference; fileEncoding = 4; lastKnownFileType = sourcecode.c.h; path = Camera.h; sourceTree = "<group>"; };
		0DC8036A19F6CE1500ED669B /* AudioFilter.cpp */ = {isa = PBXFileReference; fileEncoding = 4; lastKnownFileType = sourcecode.cpp.cpp; path = AudioFilter.cpp; sourceTree = "<group>"; };
		0DC8036B19F6CE1500ED669B /* AudioFilter.h */ = {isa = PBXFileReference; fileEncoding = 4; lastKnownFileType = sourcecode.c.h; path = AudioFilter.h; sourceTree = "<group>"; };
		0DC8036E19F6CEB000ED669B /* AudioMixFilter.cpp */ = {isa = PBXFileReference; fileEncoding = 4; lastKnownFileType = sourcecode.cpp.cpp; path = AudioMixFilter.cpp; sourceTree = "<group>"; };
		0DC8036F19F6CEB000ED669B /* AudioMixFilter.h */ = {isa = PBXFileReference; fileEncoding = 4; lastKnownFileType = sourcecode.c.h; path = AudioMixFilter.h; sourceTree = "<group>"; };
		0DC8037219F6D2BC00ED669B /* AudioVolumeFilter.cpp */ = {isa = PBXFileReference; fileEncoding = 4; lastKnownFileType = sourcecode.cpp.cpp; path = AudioVolumeFilter.cpp; sourceTree = "<group>"; };
		0DC8037319F6D2BC00ED669B /* AudioVolumeFilter.h */ = {isa = PBXFileReference; fileEncoding = 4; lastKnownFileType = sourcecode.c.h; path = AudioVolumeFilter.h; sourceTree = "<group>"; };
		0DC8037619F74D5900ED669B /* AudioPipeline.cpp */ = {isa = PBXFileReference; fileEncoding = 4; lastKnownFileType = sourcecode.cpp.cpp; path = AudioPipeline.cpp; sourceTree = "<group>"; };
		0DC8037719F74D5900ED669B /* AudioPipeline.h */ = {isa = PBXFileReference; fileEncoding = 4; lastKnownFileType = sourcecode.c.h; path = AudioPipeline.h; sourceTree = "<group>"; };
		0DCD507319EB687700EF27F7 /* libCookie.a */ = {isa = PBXFileReference; explicitFileType = archive.ar; includeInIndex = 0; path = libCookie.a; sourceTree = BUILT_PRODUCTS_DIR; };
		0DCD507619EB687700EF27F7 /* Cookie.h */ = {isa = PBXFileReference; lastKnownFileType = sourcecode.c.h; path = Cookie.h; sourceTree = "<group>"; };
		0DCD507819EB687700EF27F7 /* CookiePriv.h */ = {isa = PBXFileReference; lastKnownFileType = sourcecode.c.h; path = CookiePriv.h; sourceTree = "<group>"; };
		0DCD508119EB691C00EF27F7 /* Node.cpp */ = {isa = PBXFileReference; fileEncoding = 4; lastKnownFileType = sourcecode.cpp.cpp; path = Node.cpp; sourceTree = "<group>"; };
		0DCD508219EB691C00EF27F7 /* Node.h */ = {isa = PBXFileReference; fileEncoding = 4; lastKnownFileType = sourcecode.c.h; path = Node.h; sourceTree = "<group>"; };
		0DCD508519EB6ACA00EF27F7 /* Point.cpp */ = {isa = PBXFileReference; fileEncoding = 4; lastKnownFileType = sourcecode.cpp.cpp; path = Point.cpp; sourceTree = "<group>"; };
		0DCD508619EB6ACA00EF27F7 /* Point.h */ = {isa = PBXFileReference; fileEncoding = 4; lastKnownFileType = sourcecode.c.h; path = Point.h; sourceTree = "<group>"; };
		0DCD508919EB6B1100EF27F7 /* SDL2.framework */ = {isa = PBXFileReference; lastKnownFileType = wrapper.framework; name = SDL2.framework; path = ../../../../Library/Frameworks/SDL2.framework; sourceTree = "<group>"; };
		0DCD508B19EB6D2C00EF27F7 /* Rect.cpp */ = {isa = PBXFileReference; fileEncoding = 4; lastKnownFileType = sourcecode.cpp.cpp; path = Rect.cpp; sourceTree = "<group>"; };
		0DCD508C19EB6D2C00EF27F7 /* Rect.h */ = {isa = PBXFileReference; fileEncoding = 4; lastKnownFileType = sourcecode.c.h; path = Rect.h; sourceTree = "<group>"; };
		0DCD508F19EB724E00EF27F7 /* Int.cpp */ = {isa = PBXFileReference; fileEncoding = 4; lastKnownFileType = sourcecode.cpp.cpp; path = Int.cpp; sourceTree = "<group>"; };
		0DCD509019EB724E00EF27F7 /* Int.h */ = {isa = PBXFileReference; fileEncoding = 4; lastKnownFileType = sourcecode.c.h; path = Int.h; sourceTree = "<group>"; };
		0DCD509319EB75A300EF27F7 /* Game.cpp */ = {isa = PBXFileReference; fileEncoding = 4; lastKnownFileType = sourcecode.cpp.cpp; path = Game.cpp; sourceTree = "<group>"; };
		0DCD509419EB75A300EF27F7 /* Game.h */ = {isa = PBXFileReference; fileEncoding = 4; lastKnownFileType = sourcecode.c.h; path = Game.h; sourceTree = "<group>"; };
		0DCD509719EB78F000EF27F7 /* Bool.cpp */ = {isa = PBXFileReference; fileEncoding = 4; lastKnownFileType = sourcecode.cpp.cpp; path = Bool.cpp; sourceTree = "<group>"; };
		0DCD509819EB78F000EF27F7 /* Bool.h */ = {isa = PBXFileReference; fileEncoding = 4; lastKnownFileType = sourcecode.c.h; path = Bool.h; sourceTree = "<group>"; };
		0DCD509B19EB799C00EF27F7 /* Float.cpp */ = {isa = PBXFileReference; fileEncoding = 4; lastKnownFileType = sourcecode.cpp.cpp; path = Float.cpp; sourceTree = "<group>"; };
		0DCD509C19EB799C00EF27F7 /* Float.h */ = {isa = PBXFileReference; fileEncoding = 4; lastKnownFileType = sourcecode.c.h; path = Float.h; sourceTree = "<group>"; };
		0DD118FC19F42C53003D0BF4 /* RenderTextureTask.cpp */ = {isa = PBXFileReference; fileEncoding = 4; lastKnownFileType = sourcecode.cpp.cpp; path = RenderTextureTask.cpp; sourceTree = "<group>"; };
		0DD118FD19F42C53003D0BF4 /* RenderTextureTask.h */ = {isa = PBXFileReference; fileEncoding = 4; lastKnownFileType = sourcecode.c.h; path = RenderTextureTask.h; sourceTree = "<group>"; };
		0DD1190419F42F58003D0BF4 /* RenderSurfaceTask.cpp */ = {isa = PBXFileReference; fileEncoding = 4; lastKnownFileType = sourcecode.cpp.cpp; path = RenderSurfaceTask.cpp; sourceTree = "<group>"; };
		0DD1190519F42F58003D0BF4 /* RenderSurfaceTask.h */ = {isa = PBXFileReference; fileEncoding = 4; lastKnownFileType = sourcecode.c.h; path = RenderSurfaceTask.h; sourceTree = "<group>"; };
		0DD34C6D19F4A71C009AEAF4 /* TextureBlock.cpp */ = {isa = PBXFileReference; fileEncoding = 4; lastKnownFileType = sourcecode.cpp.cpp; path = TextureBlock.cpp; sourceTree = "<group>"; };
		0DD34C6E19F4A71C009AEAF4 /* TextureBlock.h */ = {isa = PBXFileReference; fileEncoding = 4; lastKnownFileType = sourcecode.c.h; path = TextureBlock.h; sourceTree = "<group>"; };
		0DD34C7119F54EB4009AEAF4 /* Animation.cpp */ = {isa = PBXFileReference; fileEncoding = 4; lastKnownFileType = sourcecode.cpp.cpp; path = Animation.cpp; sourceTree = "<group>"; };
		0DD34C7219F54EB4009AEAF4 /* Animation.h */ = {isa = PBXFileReference; fileEncoding = 4; lastKnownFileType = sourcecode.c.h; path = Animation.h; sourceTree = "<group>"; };
		0DD34C7619F57204009AEAF4 /* AnimBlock.cpp */ = {isa = PBXFileReference; fileEncoding = 4; lastKnownFileType = sourcecode.cpp.cpp; path = AnimBlock.cpp; sourceTree = "<group>"; };
		0DD34C7719F57204009AEAF4 /* AnimBlock.h */ = {isa = PBXFileReference; fileEncoding = 4; lastKnownFileType = sourcecode.c.h; path = AnimBlock.h; sourceTree = "<group>"; };
		0DD34C7C19F574C8009AEAF4 /* RenderAnimTask.cpp */ = {isa = PBXFileReference; fileEncoding = 4; lastKnownFileType = sourcecode.cpp.cpp; path = RenderAnimTask.cpp; sourceTree = "<group>"; };
		0DD34C7D19F574C8009AEAF4 /* RenderAnimTask.h */ = {isa = PBXFileReference; fileEncoding = 4; lastKnownFileType = sourcecode.c.h; path = RenderAnimTask.h; sourceTree = "<group>"; };
		0DD34C8319F5AC76009AEAF4 /* OpenAL.framework */ = {isa = PBXFileReference; lastKnownFileType = wrapper.framework; name = OpenAL.framework; path = System/Library/Frameworks/OpenAL.framework; sourceTree = SDKROOT; };
		0DD34C8719F5AE41009AEAF4 /* Audio.cpp */ = {isa = PBXFileReference; fileEncoding = 4; lastKnownFileType = sourcecode.cpp.cpp; path = Audio.cpp; sourceTree = "<group>"; };
		0DD34C8819F5AE41009AEAF4 /* Audio.h */ = {isa = PBXFileReference; fileEncoding = 4; lastKnownFileType = sourcecode.c.h; path = Audio.h; sourceTree = "<group>"; };
		0DD34C8B19F5AE4B009AEAF4 /* Sound.cpp */ = {isa = PBXFileReference; fileEncoding = 4; lastKnownFileType = sourcecode.cpp.cpp; path = Sound.cpp; sourceTree = "<group>"; };
		0DD34C8C19F5AE4B009AEAF4 /* Sound.h */ = {isa = PBXFileReference; fileEncoding = 4; lastKnownFileType = sourcecode.c.h; path = Sound.h; sourceTree = "<group>"; };
/* End PBXFileReference section */

/* Begin PBXFrameworksBuildPhase section */
		0DCD507019EB687700EF27F7 /* Frameworks */ = {
			isa = PBXFrameworksBuildPhase;
			buildActionMask = 2147483647;
			files = (
				0DCD508A19EB6B1100EF27F7 /* SDL2.framework in Frameworks */,
			);
			runOnlyForDeploymentPostprocessing = 0;
		};
/* End PBXFrameworksBuildPhase section */

/* Begin PBXGroup section */
		0D0DF7DE19EC6D070054980E /* Geometry */ = {
			isa = PBXGroup;
			children = (
				0DCD508519EB6ACA00EF27F7 /* Point.cpp */,
				0DCD508619EB6ACA00EF27F7 /* Point.h */,
				0DCD508B19EB6D2C00EF27F7 /* Rect.cpp */,
				0DCD508C19EB6D2C00EF27F7 /* Rect.h */,
				0DC42A8219ED94330049C151 /* Rotation.cpp */,
				0DC42A8319ED94330049C151 /* Rotation.h */,
				0DC42A9F19EE2C140049C151 /* SDL_Conversion.cpp */,
				0DC42AA019EE2C140049C151 /* SDL_Conversion.h */,
				0DC42AB319EF3AED0049C151 /* Vector.cpp */,
				0DC42AB419EF3AED0049C151 /* Vector.h */,
			);
			name = Geometry;
			sourceTree = "<group>";
		};
		0D0DF7DF19EC6D120054980E /* Primitives */ = {
			isa = PBXGroup;
			children = (
				0DCD508F19EB724E00EF27F7 /* Int.cpp */,
				0DCD509019EB724E00EF27F7 /* Int.h */,
				0DCD509719EB78F000EF27F7 /* Bool.cpp */,
				0DCD509819EB78F000EF27F7 /* Bool.h */,
				0DCD509B19EB799C00EF27F7 /* Float.cpp */,
				0DCD509C19EB799C00EF27F7 /* Float.h */,
				0DC42A8E19EE19FB0049C151 /* Long.cpp */,
				0DC42A8F19EE19FB0049C151 /* Long.h */,
			);
			name = Primitives;
			sourceTree = "<group>";
		};
		0D0DF7E019EC6D250054980E /* SceneGraph */ = {
			isa = PBXGroup;
			children = (
				0DCD508119EB691C00EF27F7 /* Node.cpp */,
				0DCD508219EB691C00EF27F7 /* Node.h */,
				0DC42A8A19EDBAF40049C151 /* World.cpp */,
				0DC42A8B19EDBAF40049C151 /* World.h */,
				0DC42AC819F016790049C151 /* Camera.cpp */,
				0DC42AC919F016790049C151 /* Camera.h */,
			);
			name = SceneGraph;
			sourceTree = "<group>";
		};
		0D0DF7E619EC73CC0054980E /* Blocks */ = {
			isa = PBXGroup;
			children = (
				0D0DF7E719EC73DC0054980E /* Block.cpp */,
				0D0DF7E819EC73DC0054980E /* Block.h */,
				0DC42A9719EE224D0049C151 /* DrawBlock.cpp */,
				0DC42A9819EE224D0049C151 /* DrawBlock.h */,
				0D11B45219F1993500C2EFD3 /* JumpBlock.cpp */,
				0D11B45319F1993500C2EFD3 /* JumpBlock.h */,
				0DD34C6D19F4A71C009AEAF4 /* TextureBlock.cpp */,
				0DD34C6E19F4A71C009AEAF4 /* TextureBlock.h */,
				0DD34C7619F57204009AEAF4 /* AnimBlock.cpp */,
				0DD34C7719F57204009AEAF4 /* AnimBlock.h */,
			);
			name = Blocks;
			sourceTree = "<group>";
		};
		0D11B43319F1592700C2EFD3 /* RenderTasks */ = {
			isa = PBXGroup;
			children = (
				0DC42AA319EEBE610049C151 /* RenderTask.cpp */,
				0DC42AA419EEBE610049C151 /* RenderTask.h */,
				0DD118FC19F42C53003D0BF4 /* RenderTextureTask.cpp */,
				0DD118FD19F42C53003D0BF4 /* RenderTextureTask.h */,
				0DD1190419F42F58003D0BF4 /* RenderSurfaceTask.cpp */,
				0DD1190519F42F58003D0BF4 /* RenderSurfaceTask.h */,
				0DD34C7C19F574C8009AEAF4 /* RenderAnimTask.cpp */,
				0DD34C7D19F574C8009AEAF4 /* RenderAnimTask.h */,
			);
			name = RenderTasks;
			sourceTree = "<group>";
		};
		0D11B44019F1746A00C2EFD3 /* Input */ = {
			isa = PBXGroup;
			children = (
				0D11B44119F17AE700C2EFD3 /* InputMethod.cpp */,
				0D11B44219F17AE700C2EFD3 /* InputMethod.h */,
				0D11B44519F17AF800C2EFD3 /* Keyboard.cpp */,
				0D11B44619F17AF800C2EFD3 /* Keyboard.h */,
			);
			name = Input;
			sourceTree = "<group>";
		};
		0DC42A7919ECBFD00049C151 /* Graphics */ = {
			isa = PBXGroup;
			children = (
				0D11B43319F1592700C2EFD3 /* RenderTasks */,
				0DC42A7A19ECC0050049C151 /* Renderer.cpp */,
				0DC42A7B19ECC0050049C151 /* Renderer.h */,
				0DC42A7E19ECC1170049C151 /* Texture.cpp */,
				0DC42A7F19ECC1170049C151 /* Texture.h */,
				0DC42A8619EDB8960049C151 /* Color.cpp */,
				0DC42A8719EDB8960049C151 /* Color.h */,
				0DD34C7119F54EB4009AEAF4 /* Animation.cpp */,
				0DD34C7219F54EB4009AEAF4 /* Animation.h */,
			);
			name = Graphics;
			sourceTree = "<group>";
		};
		0DC42AB719F00CC10049C151 /* Physics */ = {
			isa = PBXGroup;
			children = (
				0DC42AC019F00DC40049C151 /* Physics.cpp */,
				0DC42AC119F00DC40049C151 /* Physics.h */,
				0D1A2D8519F1EDDE00BF0333 /* PhysicsBody.cpp */,
				0D1A2D8619F1EDDE00BF0333 /* PhysicsBody.h */,
				0D1A2D8E19F204BC00BF0333 /* RectBody.cpp */,
				0D1A2D8F19F204BC00BF0333 /* RectBody.h */,
				0D5D004019FE985A00904845 /* CircleBody.cpp */,
				0D5D004119FE985A00904845 /* CircleBody.h */,
			);
			name = Physics;
			sourceTree = "<group>";
		};
		0DC8036519F6CB2900ED669B /* Pipeline */ = {
			isa = PBXGroup;
			children = (
				0DC8037619F74D5900ED669B /* AudioPipeline.cpp */,
				0DC8037719F74D5900ED669B /* AudioPipeline.h */,
				0DC8036A19F6CE1500ED669B /* AudioFilter.cpp */,
				0DC8036B19F6CE1500ED669B /* AudioFilter.h */,
				0DC8036E19F6CEB000ED669B /* AudioMixFilter.cpp */,
				0DC8036F19F6CEB000ED669B /* AudioMixFilter.h */,
				0DC8037219F6D2BC00ED669B /* AudioVolumeFilter.cpp */,
				0DC8037319F6D2BC00ED669B /* AudioVolumeFilter.h */,
			);
			name = Pipeline;
			sourceTree = "<group>";
		};
		0DCD506A19EB687700EF27F7 = {
			isa = PBXGroup;
			children = (
				0DD34C8319F5AC76009AEAF4 /* OpenAL.framework */,
				0DCD508919EB6B1100EF27F7 /* SDL2.framework */,
				0DCD507519EB687700EF27F7 /* Cookie */,
				0DCD507419EB687700EF27F7 /* Products */,
			);
			sourceTree = "<group>";
		};
		0DCD507419EB687700EF27F7 /* Products */ = {
			isa = PBXGroup;
			children = (
				0DCD507319EB687700EF27F7 /* libCookie.a */,
			);
			name = Products;
			sourceTree = "<group>";
		};
		0DCD507519EB687700EF27F7 /* Cookie */ = {
			isa = PBXGroup;
			children = (
				0DCD507619EB687700EF27F7 /* Cookie.h */,
				0DCD507819EB687700EF27F7 /* CookiePriv.h */,
				0DCD509319EB75A300EF27F7 /* Game.cpp */,
				0DCD509419EB75A300EF27F7 /* Game.h */,
				0DC42AB719F00CC10049C151 /* Physics */,
				0D11B44019F1746A00C2EFD3 /* Input */,
				0DC42A7919ECBFD00049C151 /* Graphics */,
				0DD34C8219F5A8ED009AEAF4 /* Audio */,
				0D0DF7E619EC73CC0054980E /* Blocks */,
				0D0DF7E019EC6D250054980E /* SceneGraph */,
				0D0DF7DE19EC6D070054980E /* Geometry */,
				0D0DF7DF19EC6D120054980E /* Primitives */,
			);
			path = Cookie;
			sourceTree = "<group>";
		};
		0DD34C8219F5A8ED009AEAF4 /* Audio */ = {
			isa = PBXGroup;
			children = (
				0DC8036519F6CB2900ED669B /* Pipeline */,
				0DD34C8719F5AE41009AEAF4 /* Audio.cpp */,
				0DD34C8819F5AE41009AEAF4 /* Audio.h */,
				0DD34C8B19F5AE4B009AEAF4 /* Sound.cpp */,
				0DD34C8C19F5AE4B009AEAF4 /* Sound.h */,
			);
			name = Audio;
			sourceTree = "<group>";
		};
/* End PBXGroup section */

/* Begin PBXHeadersBuildPhase section */
		0DCD507119EB687700EF27F7 /* Headers */ = {
			isa = PBXHeadersBuildPhase;
			buildActionMask = 2147483647;
			files = (
				0DC42A8119ECC1170049C151 /* Texture.h in Headers */,
				0DCD509E19EB799C00EF27F7 /* Float.h in Headers */,
				0DD34C8E19F5AE4B009AEAF4 /* Sound.h in Headers */,
				0DC42ACB19F016790049C151 /* Camera.h in Headers */,
				0DC42AC319F00DC40049C151 /* Physics.h in Headers */,
				0DD1190719F42F58003D0BF4 /* RenderSurfaceTask.h in Headers */,
				0DC8037119F6CEB000ED669B /* AudioMixFilter.h in Headers */,
				0DCD509A19EB78F000EF27F7 /* Bool.h in Headers */,
				0DD34C7019F4A71C009AEAF4 /* TextureBlock.h in Headers */,
				0DC42A8D19EDBAF40049C151 /* World.h in Headers */,
				0DD34C7919F57204009AEAF4 /* AnimBlock.h in Headers */,
				0DC42AB619EF3AEE0049C151 /* Vector.h in Headers */,
				0D1A2D9119F204BC00BF0333 /* RectBody.h in Headers */,
				0DCD508E19EB6D2C00EF27F7 /* Rect.h in Headers */,
				0DCD507719EB687700EF27F7 /* Cookie.h in Headers */,
				0DC42A8919EDB8960049C151 /* Color.h in Headers */,
				0DCD509619EB75A300EF27F7 /* Game.h in Headers */,
				0DCD508419EB691C00EF27F7 /* Node.h in Headers */,
				0DCD509219EB724E00EF27F7 /* Int.h in Headers */,
				0DD34C8A19F5AE41009AEAF4 /* Audio.h in Headers */,
				0D11B44819F17AF800C2EFD3 /* Keyboard.h in Headers */,
				0DCD507919EB687700EF27F7 /* CookiePriv.h in Headers */,
				0DC42A9119EE19FB0049C151 /* Long.h in Headers */,
				0D5D004319FE985A00904845 /* CircleBody.h in Headers */,
				0DC42A9A19EE224D0049C151 /* DrawBlock.h in Headers */,
				0D1A2D8819F1EDDE00BF0333 /* PhysicsBody.h in Headers */,
				0DC8037919F74D5900ED669B /* AudioPipeline.h in Headers */,
				0DC42AA619EEBE610049C151 /* RenderTask.h in Headers */,
				0DC42AA219EE2C140049C151 /* SDL_Conversion.h in Headers */,
				0DC8036D19F6CE1500ED669B /* AudioFilter.h in Headers */,
				0D0DF7EA19EC73DC0054980E /* Block.h in Headers */,
				0DC8037519F6D2BC00ED669B /* AudioVolumeFilter.h in Headers */,
				0D11B44419F17AE700C2EFD3 /* InputMethod.h in Headers */,
				0D11B45519F1993500C2EFD3 /* JumpBlock.h in Headers */,
				0DCD508819EB6ACA00EF27F7 /* Point.h in Headers */,
				0DD34C7419F54EB4009AEAF4 /* Animation.h in Headers */,
				0DC42A8519ED94330049C151 /* Rotation.h in Headers */,
				0DC42A7D19ECC0050049C151 /* Renderer.h in Headers */,
				0DD34C7F19F574C8009AEAF4 /* RenderAnimTask.h in Headers */,
				0DD118FF19F42C53003D0BF4 /* RenderTextureTask.h in Headers */,
			);
			runOnlyForDeploymentPostprocessing = 0;
		};
/* End PBXHeadersBuildPhase section */

/* Begin PBXNativeTarget section */
		0DCD507219EB687700EF27F7 /* Cookie */ = {
			isa = PBXNativeTarget;
			buildConfigurationList = 0DCD507E19EB687700EF27F7 /* Build configuration list for PBXNativeTarget "Cookie" */;
			buildPhases = (
				0DCD506F19EB687700EF27F7 /* Sources */,
				0DCD507019EB687700EF27F7 /* Frameworks */,
				0DCD507119EB687700EF27F7 /* Headers */,
			);
			buildRules = (
			);
			dependencies = (
			);
			name = Cookie;
			productName = Cookie;
			productReference = 0DCD507319EB687700EF27F7 /* libCookie.a */;
			productType = "com.apple.product-type.library.static";
		};
/* End PBXNativeTarget section */

/* Begin PBXProject section */
		0DCD506B19EB687700EF27F7 /* Project object */ = {
			isa = PBXProject;
			attributes = {
				LastUpgradeCheck = 0600;
				ORGANIZATIONNAME = "Gabriel Lumbi";
				TargetAttributes = {
					0DCD507219EB687700EF27F7 = {
						CreatedOnToolsVersion = 6.0.1;
					};
				};
			};
			buildConfigurationList = 0DCD506E19EB687700EF27F7 /* Build configuration list for PBXProject "Cookie" */;
			compatibilityVersion = "Xcode 3.2";
			developmentRegion = English;
			hasScannedForEncodings = 0;
			knownRegions = (
				en,
			);
			mainGroup = 0DCD506A19EB687700EF27F7;
			productRefGroup = 0DCD507419EB687700EF27F7 /* Products */;
			projectDirPath = "";
			projectRoot = "";
			targets = (
				0DCD507219EB687700EF27F7 /* Cookie */,
			);
		};
/* End PBXProject section */

/* Begin PBXSourcesBuildPhase section */
		0DCD506F19EB687700EF27F7 /* Sources */ = {
			isa = PBXSourcesBuildPhase;
			buildActionMask = 2147483647;
			files = (
				0D11B44319F17AE700C2EFD3 /* InputMethod.cpp in Sources */,
				0DC8037819F74D5900ED669B /* AudioPipeline.cpp in Sources */,
				0DC8037019F6CEB000ED669B /* AudioMixFilter.cpp in Sources */,
				0DC42AC219F00DC40049C151 /* Physics.cpp in Sources */,
				0DC42ACA19F016790049C151 /* Camera.cpp in Sources */,
				0DC42A8019ECC1170049C151 /* Texture.cpp in Sources */,
				0DCD509D19EB799C00EF27F7 /* Float.cpp in Sources */,
				0DD34C7E19F574C8009AEAF4 /* RenderAnimTask.cpp in Sources */,
				0DCD508719EB6ACA00EF27F7 /* Point.cpp in Sources */,
				0DCD509119EB724E00EF27F7 /* Int.cpp in Sources */,
				0DC8036C19F6CE1500ED669B /* AudioFilter.cpp in Sources */,
				0DCD509919EB78F000EF27F7 /* Bool.cpp in Sources */,
				0DC42A7C19ECC0050049C151 /* Renderer.cpp in Sources */,
				0DC42A9019EE19FB0049C151 /* Long.cpp in Sources */,
				0DC42AA519EEBE610049C151 /* RenderTask.cpp in Sources */,
				0DD34C8919F5AE41009AEAF4 /* Audio.cpp in Sources */,
				0DC42A9919EE224D0049C151 /* DrawBlock.cpp in Sources */,
				0DC42A8819EDB8960049C151 /* Color.cpp in Sources */,
				0DC42AB519EF3AEE0049C151 /* Vector.cpp in Sources */,
				0DCD509519EB75A300EF27F7 /* Game.cpp in Sources */,
				0DC8037419F6D2BC00ED669B /* AudioVolumeFilter.cpp in Sources */,
				0D0DF7E919EC73DC0054980E /* Block.cpp in Sources */,
				0DCD508319EB691C00EF27F7 /* Node.cpp in Sources */,
				0DCD508D19EB6D2C00EF27F7 /* Rect.cpp in Sources */,
				0DC42AA119EE2C140049C151 /* SDL_Conversion.cpp in Sources */,
				0D1A2D9019F204BC00BF0333 /* RectBody.cpp in Sources */,
				0D1A2D8719F1EDDE00BF0333 /* PhysicsBody.cpp in Sources */,
				0D11B45419F1993500C2EFD3 /* JumpBlock.cpp in Sources */,
				0DD34C6F19F4A71C009AEAF4 /* TextureBlock.cpp in Sources */,
				0DD118FE19F42C53003D0BF4 /* RenderTextureTask.cpp in Sources */,
				0DD34C7819F57204009AEAF4 /* AnimBlock.cpp in Sources */,
				0DC42A8419ED94330049C151 /* Rotation.cpp in Sources */,
				0DC42A8C19EDBAF40049C151 /* World.cpp in Sources */,
				0DD1190619F42F58003D0BF4 /* RenderSurfaceTask.cpp in Sources */,
				0D5D004219FE985A00904845 /* CircleBody.cpp in Sources */,
				0D11B44719F17AF800C2EFD3 /* Keyboard.cpp in Sources */,
				0DD34C7319F54EB4009AEAF4 /* Animation.cpp in Sources */,
				0DD34C8D19F5AE4B009AEAF4 /* Sound.cpp in Sources */,
			);
			runOnlyForDeploymentPostprocessing = 0;
		};
/* End PBXSourcesBuildPhase section */

/* Begin XCBuildConfiguration section */
		0DCD507C19EB687700EF27F7 /* Debug */ = {
			isa = XCBuildConfiguration;
			buildSettings = {
				ALWAYS_SEARCH_USER_PATHS = NO;
				CLANG_CXX_LANGUAGE_STANDARD = "gnu++0x";
				CLANG_CXX_LIBRARY = "libc++";
				CLANG_ENABLE_MODULES = YES;
				CLANG_ENABLE_OBJC_ARC = YES;
				CLANG_WARN_BOOL_CONVERSION = YES;
				CLANG_WARN_CONSTANT_CONVERSION = YES;
				CLANG_WARN_DIRECT_OBJC_ISA_USAGE = YES_ERROR;
				CLANG_WARN_EMPTY_BODY = YES;
				CLANG_WARN_ENUM_CONVERSION = YES;
				CLANG_WARN_INT_CONVERSION = YES;
				CLANG_WARN_OBJC_ROOT_CLASS = YES_ERROR;
				CLANG_WARN_UNREACHABLE_CODE = YES;
				CLANG_WARN__DUPLICATE_METHOD_MATCH = YES;
				COPY_PHASE_STRIP = NO;
				ENABLE_STRICT_OBJC_MSGSEND = YES;
				GCC_C_LANGUAGE_STANDARD = gnu99;
				GCC_DYNAMIC_NO_PIC = NO;
				GCC_OPTIMIZATION_LEVEL = 0;
				GCC_PREPROCESSOR_DEFINITIONS = (
					"DEBUG=1",
					"$(inherited)",
				);
				GCC_SYMBOLS_PRIVATE_EXTERN = NO;
				GCC_WARN_64_TO_32_BIT_CONVERSION = YES;
				GCC_WARN_ABOUT_RETURN_TYPE = YES_ERROR;
				GCC_WARN_UNDECLARED_SELECTOR = YES;
				GCC_WARN_UNINITIALIZED_AUTOS = YES_AGGRESSIVE;
				GCC_WARN_UNUSED_FUNCTION = YES;
				GCC_WARN_UNUSED_VARIABLE = YES;
				MACH_O_TYPE = staticlib;
				MACOSX_DEPLOYMENT_TARGET = 10.9;
				MTL_ENABLE_DEBUG_INFO = YES;
				ONLY_ACTIVE_ARCH = YES;
				SDKROOT = macosx;
			};
			name = Debug;
		};
		0DCD507D19EB687700EF27F7 /* Release */ = {
			isa = XCBuildConfiguration;
			buildSettings = {
				ALWAYS_SEARCH_USER_PATHS = NO;
				CLANG_CXX_LANGUAGE_STANDARD = "gnu++0x";
				CLANG_CXX_LIBRARY = "libc++";
				CLANG_ENABLE_MODULES = YES;
				CLANG_ENABLE_OBJC_ARC = YES;
				CLANG_WARN_BOOL_CONVERSION = YES;
				CLANG_WARN_CONSTANT_CONVERSION = YES;
				CLANG_WARN_DIRECT_OBJC_ISA_USAGE = YES_ERROR;
				CLANG_WARN_EMPTY_BODY = YES;
				CLANG_WARN_ENUM_CONVERSION = YES;
				CLANG_WARN_INT_CONVERSION = YES;
				CLANG_WARN_OBJC_ROOT_CLASS = YES_ERROR;
				CLANG_WARN_UNREACHABLE_CODE = YES;
				CLANG_WARN__DUPLICATE_METHOD_MATCH = YES;
				COPY_PHASE_STRIP = YES;
				DEBUG_INFORMATION_FORMAT = "dwarf-with-dsym";
				ENABLE_NS_ASSERTIONS = NO;
				ENABLE_STRICT_OBJC_MSGSEND = YES;
				GCC_C_LANGUAGE_STANDARD = gnu99;
				GCC_WARN_64_TO_32_BIT_CONVERSION = YES;
				GCC_WARN_ABOUT_RETURN_TYPE = YES_ERROR;
				GCC_WARN_UNDECLARED_SELECTOR = YES;
				GCC_WARN_UNINITIALIZED_AUTOS = YES_AGGRESSIVE;
				GCC_WARN_UNUSED_FUNCTION = YES;
				GCC_WARN_UNUSED_VARIABLE = YES;
				MACH_O_TYPE = staticlib;
				MACOSX_DEPLOYMENT_TARGET = 10.9;
				MTL_ENABLE_DEBUG_INFO = NO;
				SDKROOT = macosx;
			};
			name = Release;
		};
		0DCD507F19EB687700EF27F7 /* Debug */ = {
			isa = XCBuildConfiguration;
			buildSettings = {
				ALWAYS_SEARCH_USER_PATHS = NO;
				EXECUTABLE_PREFIX = lib;
				FRAMEWORK_SEARCH_PATHS = (
					"$(inherited)",
					"$(LOCAL_LIBRARY_DIR)/Frameworks",
				);
				GCC_ENABLE_CPP_EXCEPTIONS = YES;
				GCC_ENABLE_CPP_RTTI = YES;
				GCC_SYMBOLS_PRIVATE_EXTERN = NO;
				HEADER_SEARCH_PATHS = (
					"$(inherited)",
					/Applications/Xcode.app/Contents/Developer/Toolchains/XcodeDefault.xctoolchain/usr/include,
					"$(PROJECT_DIR)",
				);
				INSTALL_PATH = "$(BUILT_PRODUCTS_DIR)";
				MACH_O_TYPE = staticlib;
				PRODUCT_NAME = "$(TARGET_NAME)";
				PUBLIC_HEADERS_FOLDER_PATH = "$(TARGET_NAME)";
				SKIP_INSTALL = YES;
			};
			name = Debug;
		};
		0DCD508019EB687700EF27F7 /* Release */ = {
			isa = XCBuildConfiguration;
			buildSettings = {
				ALWAYS_SEARCH_USER_PATHS = NO;
				EXECUTABLE_PREFIX = lib;
				FRAMEWORK_SEARCH_PATHS = (
					"$(inherited)",
					"$(LOCAL_LIBRARY_DIR)/Frameworks",
				);
				GCC_ENABLE_CPP_EXCEPTIONS = YES;
				GCC_ENABLE_CPP_RTTI = YES;
				GCC_SYMBOLS_PRIVATE_EXTERN = NO;
				HEADER_SEARCH_PATHS = (
					"$(inherited)",
					/Applications/Xcode.app/Contents/Developer/Toolchains/XcodeDefault.xctoolchain/usr/include,
					"$(PROJECT_DIR)",
				);
				INSTALL_PATH = "$(BUILT_PRODUCTS_DIR)";
				MACH_O_TYPE = staticlib;
				PRODUCT_NAME = "$(TARGET_NAME)";
				PUBLIC_HEADERS_FOLDER_PATH = "$(TARGET_NAME)";
				SKIP_INSTALL = YES;
			};
			name = Release;
		};
/* End XCBuildConfiguration section */

/* Begin XCConfigurationList section */
		0DCD506E19EB687700EF27F7 /* Build configuration list for PBXProject "Cookie" */ = {
			isa = XCConfigurationList;
			buildConfigurations = (
				0DCD507C19EB687700EF27F7 /* Debug */,
				0DCD507D19EB687700EF27F7 /* Release */,
			);
			defaultConfigurationIsVisible = 0;
			defaultConfigurationName = Release;
		};
		0DCD507E19EB687700EF27F7 /* Build configuration list for PBXNativeTarget "Cookie" */ = {
			isa = XCConfigurationList;
			buildConfigurations = (
				0DCD507F19EB687700EF27F7 /* Debug */,
				0DCD508019EB687700EF27F7 /* Release */,
			);
			defaultConfigurationIsVisible = 0;
			defaultConfigurationName = Release;
		};
/* End XCConfigurationList section */
	};
	rootObject = 0DCD506B19EB687700EF27F7 /* Project object */;
}
